
Microsoft Visual Studio Solution File, Format Version 12.00
# Visual Studio 15
VisualStudioVersion = 15.0.28307.271
MinimumVisualStudioVersion = 10.0.40219.1
Project("{9A19103F-16F7-4668-BE54-9A1E7A4F7556}") = "Mathmatical Formulas", "Mathmatical Formulas.csproj", "{2D2E4E85-96A6-4260-9DD0-10A37840B518}"
EndProject
Project("{FAE04EC0-301F-11D3-BF4B-00C04F79EFBC}") = "VolumeHemi", "..\VolumeHemi\VolumeHemi.csproj", "{D325C401-D1FE-4A09-A393-78BC077B0219}"
EndProject
Global
	GlobalSection(SolutionConfigurationPlatforms) = preSolution
		Debug|Any CPU = Debug|Any CPU
		Release|Any CPU = Release|Any CPU
	EndGlobalSection
	GlobalSection(ProjectConfigurationPlatforms) = postSolution
		{2D2E4E85-96A6-4260-9DD0-10A37840B518}.Debug|Any CPU.ActiveCfg = Debug|Any CPU
		{2D2E4E85-96A6-4260-9DD0-10A37840B518}.Debug|Any CPU.Build.0 = Debug|Any CPU
		{2D2E4E85-96A6-4260-9DD0-10A37840B518}.Release|Any CPU.ActiveCfg = Release|Any CPU
		{2D2E4E85-96A6-4260-9DD0-10A37840B518}.Release|Any CPU.Build.0 = Release|Any CPU
		{D325C401-D1FE-4A09-A393-78BC077B0219}.Debug|Any CPU.ActiveCfg = Debug|Any CPU
		{D325C401-D1FE-4A09-A393-78BC077B0219}.Debug|Any CPU.Build.0 = Debug|Any CPU
		{D325C401-D1FE-4A09-A393-78BC077B0219}.Release|Any CPU.ActiveCfg = Release|Any CPU
		{D325C401-D1FE-4A09-A393-78BC077B0219}.Release|Any CPU.Build.0 = Release|Any CPU
	EndGlobalSection
	GlobalSection(SolutionProperties) = preSolution
		HideSolutionNode = FALSE
	EndGlobalSection
	GlobalSection(ExtensibilityGlobals) = postSolution
		SolutionGuid = {12B86827-579E-4D12-9278-2381153D005A}
	EndGlobalSection
EndGlobal
