
Microsoft Visual Studio Solution File, Format Version 12.00
# Visual Studio 15
VisualStudioVersion = 15.0.28307.271
MinimumVisualStudioVersion = 10.0.40219.1
Project("{FAE04EC0-301F-11D3-BF4B-00C04F79EFBC}") = "AreaofTriangle", "AreaofTriangle\AreaofTriangle.csproj", "{667B1D4D-543B-4E06-BD2C-85E93C88D64A}"
EndProject
Global
	GlobalSection(SolutionConfigurationPlatforms) = preSolution
		Debug|Any CPU = Debug|Any CPU
		Release|Any CPU = Release|Any CPU
	EndGlobalSection
	GlobalSection(ProjectConfigurationPlatforms) = postSolution
		{667B1D4D-543B-4E06-BD2C-85E93C88D64A}.Debug|Any CPU.ActiveCfg = Debug|Any CPU
		{667B1D4D-543B-4E06-BD2C-85E93C88D64A}.Debug|Any CPU.Build.0 = Debug|Any CPU
		{667B1D4D-543B-4E06-BD2C-85E93C88D64A}.Release|Any CPU.ActiveCfg = Release|Any CPU
		{667B1D4D-543B-4E06-BD2C-85E93C88D64A}.Release|Any CPU.Build.0 = Release|Any CPU
	EndGlobalSection
	GlobalSection(SolutionProperties) = preSolution
		HideSolutionNode = FALSE
	EndGlobalSection
	GlobalSection(ExtensibilityGlobals) = postSolution
		SolutionGuid = {B7D272F8-83DA-4304-A133-F09B4B023731}
	EndGlobalSection
EndGlobal
